{
    "_meta": {
        "hash": {
            "sha256": "9c28264eb9e3ba431336c922933b20f8f17a9322fc7c222d19df728cd195b6e1"
        },
        "pipfile-spec": 6,
        "requires": {
            "python_version": "3.9"
        },
        "sources": [
            {
                "name": "pypi",
                "url": "https://pypi.org/simple",
                "verify_ssl": true
            }
        ]
    },
    "default": {
        "robotframework": {
            "editable": true,
            "git": "https://github.com/robotframework/robotframework.git",
            "ref": "2692d33198859ed3d0aa82c7d2ad8ff0181c09f6"
        },
        "robotframework-lsp": {
            "editable": true,
            "path": "./src"
        },
        "watchdog": {
            "editable": true,
            "path": "./../robocorp-python-ls-core/src"
        }
    },
    "develop": {}
}
